
Microsoft Visual Studio Solution File, Format Version 12.00
# Visual Studio 15
VisualStudioVersion = 15.0.27428.2002
MinimumVisualStudioVersion = 10.0.40219.1
Project("{FAE04EC0-301F-11D3-BF4B-00C04F79EFBC}") = "HandleErrorExample", "HandleErrorExample\HandleErrorExample.csproj", "{0E39C37F-4D1E-47BA-9831-87B6CE55BE64}"
EndProject
Global
	GlobalSection(SolutionConfigurationPlatforms) = preSolution
		Debug|Any CPU = Debug|Any CPU
		Release|Any CPU = Release|Any CPU
	EndGlobalSection
	GlobalSection(ProjectConfigurationPlatforms) = postSolution
		{0E39C37F-4D1E-47BA-9831-87B6CE55BE64}.Debug|Any CPU.ActiveCfg = Debug|Any CPU
		{0E39C37F-4D1E-47BA-9831-87B6CE55BE64}.Debug|Any CPU.Build.0 = Debug|Any CPU
		{0E39C37F-4D1E-47BA-9831-87B6CE55BE64}.Release|Any CPU.ActiveCfg = Release|Any CPU
		{0E39C37F-4D1E-47BA-9831-87B6CE55BE64}.Release|Any CPU.Build.0 = Release|Any CPU
	EndGlobalSection
	GlobalSection(SolutionProperties) = preSolution
		HideSolutionNode = FALSE
	EndGlobalSection
	GlobalSection(ExtensibilityGlobals) = postSolution
		SolutionGuid = {B1BE3558-96B9-4C20-B4D8-54A0CE817C4D}
	EndGlobalSection
EndGlobal
