
Microsoft Visual Studio Solution File, Format Version 12.00
# Visual Studio 15
VisualStudioVersion = 15.0.27428.2002
MinimumVisualStudioVersion = 10.0.40219.1
Project("{FAE04EC0-301F-11D3-BF4B-00C04F79EFBC}") = "NonActionExample", "NonActionExample\NonActionExample.csproj", "{0926B84A-7D9A-4BB7-8F77-0D01DB0F657B}"
EndProject
Global
	GlobalSection(SolutionConfigurationPlatforms) = preSolution
		Debug|Any CPU = Debug|Any CPU
		Release|Any CPU = Release|Any CPU
	EndGlobalSection
	GlobalSection(ProjectConfigurationPlatforms) = postSolution
		{0926B84A-7D9A-4BB7-8F77-0D01DB0F657B}.Debug|Any CPU.ActiveCfg = Debug|Any CPU
		{0926B84A-7D9A-4BB7-8F77-0D01DB0F657B}.Debug|Any CPU.Build.0 = Debug|Any CPU
		{0926B84A-7D9A-4BB7-8F77-0D01DB0F657B}.Release|Any CPU.ActiveCfg = Release|Any CPU
		{0926B84A-7D9A-4BB7-8F77-0D01DB0F657B}.Release|Any CPU.Build.0 = Release|Any CPU
	EndGlobalSection
	GlobalSection(SolutionProperties) = preSolution
		HideSolutionNode = FALSE
	EndGlobalSection
	GlobalSection(ExtensibilityGlobals) = postSolution
		SolutionGuid = {1F5438F2-9A89-490A-9905-5A4D6AF2E0A5}
	EndGlobalSection
EndGlobal
