
Microsoft Visual Studio Solution File, Format Version 12.00
# Visual Studio 15
VisualStudioVersion = 15.0.27428.2002
MinimumVisualStudioVersion = 10.0.40219.1
Project("{FAE04EC0-301F-11D3-BF4B-00C04F79EFBC}") = "FormsExample", "FormsExample\FormsExample.csproj", "{87D7C027-B1E8-467B-96A3-0FBDEADC2224}"
EndProject
Global
	GlobalSection(SolutionConfigurationPlatforms) = preSolution
		Debug|Any CPU = Debug|Any CPU
		Release|Any CPU = Release|Any CPU
	EndGlobalSection
	GlobalSection(ProjectConfigurationPlatforms) = postSolution
		{87D7C027-B1E8-467B-96A3-0FBDEADC2224}.Debug|Any CPU.ActiveCfg = Debug|Any CPU
		{87D7C027-B1E8-467B-96A3-0FBDEADC2224}.Debug|Any CPU.Build.0 = Debug|Any CPU
		{87D7C027-B1E8-467B-96A3-0FBDEADC2224}.Release|Any CPU.ActiveCfg = Release|Any CPU
		{87D7C027-B1E8-467B-96A3-0FBDEADC2224}.Release|Any CPU.Build.0 = Release|Any CPU
	EndGlobalSection
	GlobalSection(SolutionProperties) = preSolution
		HideSolutionNode = FALSE
	EndGlobalSection
	GlobalSection(ExtensibilityGlobals) = postSolution
		SolutionGuid = {03FD7A28-A58E-4BE2-8985-32B13D7EAF8F}
	EndGlobalSection
EndGlobal
