
Microsoft Visual Studio Solution File, Format Version 12.00
# Visual Studio 15
VisualStudioVersion = 15.0.27130.2036
MinimumVisualStudioVersion = 10.0.40219.1
Project("{FAE04EC0-301F-11D3-BF4B-00C04F79EFBC}") = "SharedViewsExample", "SharedViewsExample\SharedViewsExample.csproj", "{59ED541D-CD11-48FA-B8B1-3E072A24F355}"
EndProject
Global
	GlobalSection(SolutionConfigurationPlatforms) = preSolution
		Debug|Any CPU = Debug|Any CPU
		Release|Any CPU = Release|Any CPU
	EndGlobalSection
	GlobalSection(ProjectConfigurationPlatforms) = postSolution
		{59ED541D-CD11-48FA-B8B1-3E072A24F355}.Debug|Any CPU.ActiveCfg = Debug|Any CPU
		{59ED541D-CD11-48FA-B8B1-3E072A24F355}.Debug|Any CPU.Build.0 = Debug|Any CPU
		{59ED541D-CD11-48FA-B8B1-3E072A24F355}.Release|Any CPU.ActiveCfg = Release|Any CPU
		{59ED541D-CD11-48FA-B8B1-3E072A24F355}.Release|Any CPU.Build.0 = Release|Any CPU
	EndGlobalSection
	GlobalSection(SolutionProperties) = preSolution
		HideSolutionNode = FALSE
	EndGlobalSection
	GlobalSection(ExtensibilityGlobals) = postSolution
		SolutionGuid = {F5F34DA3-80AC-4777-BED4-0EE90AD9695D}
	EndGlobalSection
EndGlobal
