
Microsoft Visual Studio Solution File, Format Version 12.00
# Visual Studio 15
VisualStudioVersion = 15.0.27130.2036
MinimumVisualStudioVersion = 10.0.40219.1
Project("{FAE04EC0-301F-11D3-BF4B-00C04F79EFBC}") = "StronglyTypedViewsExample", "StronglyTypedViewsExample\StronglyTypedViewsExample.csproj", "{81495282-5E7C-4B3B-BB68-1137DD195D6E}"
EndProject
Global
	GlobalSection(SolutionConfigurationPlatforms) = preSolution
		Debug|Any CPU = Debug|Any CPU
		Release|Any CPU = Release|Any CPU
	EndGlobalSection
	GlobalSection(ProjectConfigurationPlatforms) = postSolution
		{81495282-5E7C-4B3B-BB68-1137DD195D6E}.Debug|Any CPU.ActiveCfg = Debug|Any CPU
		{81495282-5E7C-4B3B-BB68-1137DD195D6E}.Debug|Any CPU.Build.0 = Debug|Any CPU
		{81495282-5E7C-4B3B-BB68-1137DD195D6E}.Release|Any CPU.ActiveCfg = Release|Any CPU
		{81495282-5E7C-4B3B-BB68-1137DD195D6E}.Release|Any CPU.Build.0 = Release|Any CPU
	EndGlobalSection
	GlobalSection(SolutionProperties) = preSolution
		HideSolutionNode = FALSE
	EndGlobalSection
	GlobalSection(ExtensibilityGlobals) = postSolution
		SolutionGuid = {55F2C4E3-B017-4BAF-965D-17EFFEABD85B}
	EndGlobalSection
EndGlobal
