
Microsoft Visual Studio Solution File, Format Version 12.00
# Visual Studio 15
VisualStudioVersion = 15.0.27130.2036
MinimumVisualStudioVersion = 10.0.40219.1
Project("{FAE04EC0-301F-11D3-BF4B-00C04F79EFBC}") = "ApplicationStateExample", "ApplicationStateExample\ApplicationStateExample.csproj", "{5FB88A98-EA84-43DA-BBA0-7729EAE9B17D}"
EndProject
Global
	GlobalSection(SolutionConfigurationPlatforms) = preSolution
		Debug|Any CPU = Debug|Any CPU
		Release|Any CPU = Release|Any CPU
	EndGlobalSection
	GlobalSection(ProjectConfigurationPlatforms) = postSolution
		{5FB88A98-EA84-43DA-BBA0-7729EAE9B17D}.Debug|Any CPU.ActiveCfg = Debug|Any CPU
		{5FB88A98-EA84-43DA-BBA0-7729EAE9B17D}.Debug|Any CPU.Build.0 = Debug|Any CPU
		{5FB88A98-EA84-43DA-BBA0-7729EAE9B17D}.Release|Any CPU.ActiveCfg = Release|Any CPU
		{5FB88A98-EA84-43DA-BBA0-7729EAE9B17D}.Release|Any CPU.Build.0 = Release|Any CPU
	EndGlobalSection
	GlobalSection(SolutionProperties) = preSolution
		HideSolutionNode = FALSE
	EndGlobalSection
	GlobalSection(ExtensibilityGlobals) = postSolution
		SolutionGuid = {77F0CDC1-28B3-443F-B925-FD59DFF1EC37}
	EndGlobalSection
EndGlobal
