
Microsoft Visual Studio Solution File, Format Version 12.00
# Visual Studio 15
VisualStudioVersion = 15.0.27130.2036
MinimumVisualStudioVersion = 10.0.40219.1
Project("{FAE04EC0-301F-11D3-BF4B-00C04F79EFBC}") = "SessionExample", "SessionExample\SessionExample.csproj", "{54A2C9FB-58C2-4B18-93B2-2F5B58B2656B}"
EndProject
Global
	GlobalSection(SolutionConfigurationPlatforms) = preSolution
		Debug|Any CPU = Debug|Any CPU
		Release|Any CPU = Release|Any CPU
	EndGlobalSection
	GlobalSection(ProjectConfigurationPlatforms) = postSolution
		{54A2C9FB-58C2-4B18-93B2-2F5B58B2656B}.Debug|Any CPU.ActiveCfg = Debug|Any CPU
		{54A2C9FB-58C2-4B18-93B2-2F5B58B2656B}.Debug|Any CPU.Build.0 = Debug|Any CPU
		{54A2C9FB-58C2-4B18-93B2-2F5B58B2656B}.Release|Any CPU.ActiveCfg = Release|Any CPU
		{54A2C9FB-58C2-4B18-93B2-2F5B58B2656B}.Release|Any CPU.Build.0 = Release|Any CPU
	EndGlobalSection
	GlobalSection(SolutionProperties) = preSolution
		HideSolutionNode = FALSE
	EndGlobalSection
	GlobalSection(ExtensibilityGlobals) = postSolution
		SolutionGuid = {2F1F69B6-E7C9-42DC-885E-53F2BACF849D}
	EndGlobalSection
EndGlobal
